
Microsoft Visual Studio Solution File, Format Version 12.00
# Visual Studio Version 17
VisualStudioVersion = 17.10.35013.160
MinimumVisualStudioVersion = 10.0.40219.1
Project("{FAE04EC0-301F-11D3-BF4B-00C04F79EFBC}") = "final_project", "final_project\final_project.csproj", "{ADCDF662-C7AB-41D8-AF51-21DB4AC3AA2C}"
EndProject
Global
	GlobalSection(SolutionConfigurationPlatforms) = preSolution
		Debug|Any CPU = Debug|Any CPU
		Release|Any CPU = Release|Any CPU
	EndGlobalSection
	GlobalSection(ProjectConfigurationPlatforms) = postSolution
		{ADCDF662-C7AB-41D8-AF51-21DB4AC3AA2C}.Debug|Any CPU.ActiveCfg = Debug|Any CPU
		{ADCDF662-C7AB-41D8-AF51-21DB4AC3AA2C}.Debug|Any CPU.Build.0 = Debug|Any CPU
		{ADCDF662-C7AB-41D8-AF51-21DB4AC3AA2C}.Release|Any CPU.ActiveCfg = Release|Any CPU
		{ADCDF662-C7AB-41D8-AF51-21DB4AC3AA2C}.Release|Any CPU.Build.0 = Release|Any CPU
	EndGlobalSection
	GlobalSection(SolutionProperties) = preSolution
		HideSolutionNode = FALSE
	EndGlobalSection
	GlobalSection(ExtensibilityGlobals) = postSolution
		SolutionGuid = {1D4738B9-50C1-4866-A63D-BE5E4278BBA2}
	EndGlobalSection
EndGlobal
